
Microsoft Visual Studio Solution File, Format Version 12.00
# Visual Studio 15
VisualStudioVersion = 15.0.28307.1705
MinimumVisualStudioVersion = 10.0.40219.1
Project("{159641D6-6404-4A2A-AE62-294DE0FE8301}") = "Bikez", "Bikez\Bikez.dtproj", "{54481D6B-DBA4-4BC0-8403-43C868458FC0}"
EndProject
Global
	GlobalSection(SolutionConfigurationPlatforms) = preSolution
		Development|Default = Development|Default
	EndGlobalSection
	GlobalSection(ProjectConfigurationPlatforms) = postSolution
		{54481D6B-DBA4-4BC0-8403-43C868458FC0}.Development|Default.ActiveCfg = Development
		{54481D6B-DBA4-4BC0-8403-43C868458FC0}.Development|Default.Build.0 = Development
	EndGlobalSection
	GlobalSection(SolutionProperties) = preSolution
		HideSolutionNode = FALSE
	EndGlobalSection
	GlobalSection(ExtensibilityGlobals) = postSolution
		SolutionGuid = {59E89209-5E6D-4D0A-944C-AC9C74E940A1}
	EndGlobalSection
EndGlobal
